github.com/RabiesDev/request-helper v1.0.2 h1:GBncIRmGhRaN8Pf/ZNWTAXgbkx7SzxOQex+ACz/d64Q=
github.com/RabiesDev/request-helper v1.0.2/go.mod h1:KgGk2VybMKCclYyHEyzVUzdOQnhEGSa5aDX7G4TURbU=
github.com/andybalholm/brotli v1.0.5 h1:8uQZIdzKmjc/iuPu7O2ioW48L81FgatrcpfFmiq/cCs=
github.com/andybalholm/brotli v1.0.5/go.mod h1:fO7iG3H7G2nSZ7m0zPUDn85XEX2GTukHGRSepvi9Eig=
github.com/hikouki1111/lorca-fix v1.0.0 h1:b6JU3jkVCrLUu/HwDJ3iNHGoOGQyCWZIbTIKlpmrILY=
github.com/hikouki1111/lorca-fix v1.0.0/go.mod h1:QhmJsr2qBHmEUYt7itYhLEffziVv4tlSDu/dZscSEso=
github.com/hikouki1111/tempmail-wrapper v1.0.0 h1:7KwNY/QxhT1Up1x1ayMvPy6lNNX2K4M2EbXIwgk6bjU=
github.com/hikouki1111/tempmail-wrapper v1.0.0/go.mod h1:HxaHsjUgxOF7HAipnKcUPwmLU4z9xLWbzuyFsqXuetw=
github.com/hikouki1111/tempmail-wrapper v1.0.1 h1:75XxYb6h/HIZiY8X/2EOkpVgEih5q5jh5wEhiHyvQbU=
github.com/hikouki1111/tempmail-wrapper v1.0.1/go.mod h1:HxaHsjUgxOF7HAipnKcUPwmLU4z9xLWbzuyFsqXuetw=
github.com/hikouki1111/tempmail-wrapper v1.0.2 h1:miKkkL0nrQ+va+omgTrVRWq9+nr+79ilLmC48XJWQOQ=
github.com/hikouki1111/tempmail-wrapper v1.0.2/go.mod h1:HxaHsjUgxOF7HAipnKcUPwmLU4z9xLWbzuyFsqXuetw=
github.com/hikouki1111/tempmail-wrapper v1.0.3 h1:0B3N/eoJ1HMZP0JH9Fb1Th7lhHBQb30L6vG7uBDnRvo=
github.com/hikouki1111/tempmail-wrapper v1.0.3/go.mod h1:HxaHsjUgxOF7HAipnKcUPwmLU4z9xLWbzuyFsqXuetw=
github.com/samber/lo v1.47.0 h1:z7RynLwP5nbyRscyvcD043DWYoOcYRv3mV8lBeqOCLc=
github.com/samber/lo v1.47.0/go.mod h1:RmDH9Ct32Qy3gduHQuKJ3gW1fMHAnE/fAzQuf6He5cU=
github.com/tidwall/gjson v1.18.0 h1:FIDeeyB800efLX89e5a8Y0BNH+LOngJyGrIWxG2FKQY=
github.com/tidwall/gjson v1.18.0/go.mod h1:/wbyibRr2FHMks5tjHJ5F8dMZh3AcwJEMf5vlfC0lxk=
github.com/tidwall/match v1.1.1 h1:+Ho715JplO36QYgwN9PGYNhgZvoUSc9X2c80KVTi+GA=
github.com/tidwall/match v1.1.1/go.mod h1:eRSPERbgtNPcGhD8UCthc6PmLEQXEWd3PRB5JTxsfmM=
github.com/tidwall/pretty v1.2.0 h1:RWIZEg2iJ8/g6fDDYzMpobmaoGh5OLl4AXtGUGPcqCs=
github.com/tidwall/pretty v1.2.0/go.mod h1:ITEVvHYasfjBbM0u2Pg8T2nJnzm8xPwvNhhsoaGGjNU=
golang.org/x/crypto v0.0.0-20190308221718-c2843e01d9a2/go.mod h1:djNgcEr1/C05ACkg1iLfiJU5Ep61QUkGW8qpdssI0+w=
golang.org/x/net v0.0.0-20200222125558-5a598a2470a0 h1:MsuvTghUPjX762sGLnGsxC3HM0B5r83wEtYcYR8/vRs=
golang.org/x/net v0.0.0-20200222125558-5a598a2470a0/go.mod h1:z5CRVTTTmAJ677TzLLGU+0bjPO0LkuOLi4/5GtJWs/s=
golang.org/x/sys v0.0.0-20190215142949-d0b11bdaac8a/go.mod h1:STP8DvDyc/dI5b8T5hshtkjS+E42TnysNCUPdjciGhY=
golang.org/x/text v0.3.0/go.mod h1:NqM8EUOU14njkJ3fqMW+pc6Ldnwhi/IjpwHt7yyuwOQ=
golang.org/x/text v0.16.0 h1:a94ExnEXNtEwYLGJSIUxnWoxoRz/ZcCsV63ROupILh4=
golang.org/x/text v0.16.0/go.mod h1:GhwF1Be+LQoKShO3cGOHzqOgRrGaYc9AvblQOmPVHnI=
